# @generated by Move, please check-in and do not edit manually.

[move]
version = 3
manifest_digest = "6CFD18802C9193FDE68E19E85A496F798AB95DF2CA610BA6B05DB1D23230F7E2"
deps_digest = "F8BBB0CCB2491CA29A3DF03D6F92277A4F3574266507ACD77214D37ECA3F3082"
dependencies = [
  { id = "Iota", name = "Iota" },
]

[[move.package]]
id = "Iota"
source = { git = "https://github.com/iotaledger/iota.git", rev = "testnet", subdir = "crates/iota-framework/packages/iota-framework" }

dependencies = [
  { id = "MoveStdlib", name = "MoveStdlib" },
]

[[move.package]]
id = "MoveStdlib"
source = { git = "https://github.com/iotaledger/iota.git", rev = "testnet", subdir = "crates\\iota-framework\\packages\\move-stdlib" }

[move.toolchain-version]
compiler-version = "1.19.1-rc"
edition = "2024"
flavor = "iota"

[env]

[env._mrg_deploy_1783075410518]
chain-id = "6364aad5"
original-published-id = "0xb58808d193dd06d4e09381ed56d2d06bbe2a1e64c1d94ca97f7df7c5308ea7fe"
latest-published-id = "0xb58808d193dd06d4e09381ed56d2d06bbe2a1e64c1d94ca97f7df7c5308ea7fe"
published-version = "1"
